{
  "name": "tailwindcss-lsp.novaextension",
  "version": "1.0.0",
  "lockfileVersion": 2,
  "requires": true,
  "packages": {
    "": {
      "name": "tailwindcss-lsp.novaextension",
      "version": "1.0.0",
      "license": "ISC",
      "dependencies": {
        "@tailwindcss/language-server": "^0.0.9",
        "nova-extension-utils": "^1.4.0"
      }
    },
    "node_modules/@tailwindcss/language-server": {
      "version": "0.0.9",
      "resolved": "https://registry.npmjs.org/@tailwindcss/language-server/-/language-server-0.0.9.tgz",
      "integrity": "sha512-x0rvJkO8TmwhJWjBH7z4Qn1SLaaYYtvY8Liw5SnMX62u6QuNZ0R0XU9P7nVQg+x0rxakC8oQgS2+wfYRNUyHgQ==",
      "bin": {
        "tailwindcss-language-server": "bin/tailwindcss-language-server"
      }
    },
    "node_modules/nova-extension-utils": {
      "version": "1.4.0",
      "resolved": "https://registry.npmjs.org/nova-extension-utils/-/nova-extension-utils-1.4.0.tgz",
      "integrity": "sha512-kJWRs+pOX1I+BBdNXmaXfT/MK5sc8IjODdfYqtYP68K05sseIBeR/hBXZfvT0V0T2YVpXFsAupJKwnqzbQ27MQ=="
    }
  },
  "dependencies": {
    "@tailwindcss/language-server": {
      "version": "0.0.9",
      "resolved": "https://registry.npmjs.org/@tailwindcss/language-server/-/language-server-0.0.9.tgz",
      "integrity": "sha512-x0rvJkO8TmwhJWjBH7z4Qn1SLaaYYtvY8Liw5SnMX62u6QuNZ0R0XU9P7nVQg+x0rxakC8oQgS2+wfYRNUyHgQ=="
    },
    "nova-extension-utils": {
      "version": "1.4.0",
      "resolved": "https://registry.npmjs.org/nova-extension-utils/-/nova-extension-utils-1.4.0.tgz",
      "integrity": "sha512-kJWRs+pOX1I+BBdNXmaXfT/MK5sc8IjODdfYqtYP68K05sseIBeR/hBXZfvT0V0T2YVpXFsAupJKwnqzbQ27MQ=="
    }
  }
}
