{
  "name": "tailwindcss-lsp.novaextension",
  "version": "1.0.0",
  "lockfileVersion": 2,
  "requires": true,
  "packages": {
    "": {
      "name": "tailwindcss-lsp.novaextension",
      "version": "1.0.0",
      "license": "MIT",
      "dependencies": {
        "@tailwindcss/language-server": "^0.0.13",
        "nova-extension-utils": "^1.4.0"
      }
    },
    "node_modules/@tailwindcss/language-server": {
      "version": "0.0.13",
      "resolved": "https://registry.npmjs.org/@tailwindcss/language-server/-/language-server-0.0.13.tgz",
      "integrity": "sha512-C5OKPG8F6IiSbiEgXMxskMsOnbzSGnZvKBxEGHUhBGIB/tlX5rc7Iv/prdwYrUj2Swhjj5TrXuxZgACo+blB4A==",
      "bin": {
        "tailwindcss-language-server": "bin/tailwindcss-language-server"
      }
    },
    "node_modules/nova-extension-utils": {
      "version": "1.4.0",
      "resolved": "https://registry.npmjs.org/nova-extension-utils/-/nova-extension-utils-1.4.0.tgz",
      "integrity": "sha512-kJWRs+pOX1I+BBdNXmaXfT/MK5sc8IjODdfYqtYP68K05sseIBeR/hBXZfvT0V0T2YVpXFsAupJKwnqzbQ27MQ=="
    }
  },
  "dependencies": {
    "@tailwindcss/language-server": {
      "version": "0.0.13",
      "resolved": "https://registry.npmjs.org/@tailwindcss/language-server/-/language-server-0.0.13.tgz",
      "integrity": "sha512-C5OKPG8F6IiSbiEgXMxskMsOnbzSGnZvKBxEGHUhBGIB/tlX5rc7Iv/prdwYrUj2Swhjj5TrXuxZgACo+blB4A=="
    },
    "nova-extension-utils": {
      "version": "1.4.0",
      "resolved": "https://registry.npmjs.org/nova-extension-utils/-/nova-extension-utils-1.4.0.tgz",
      "integrity": "sha512-kJWRs+pOX1I+BBdNXmaXfT/MK5sc8IjODdfYqtYP68K05sseIBeR/hBXZfvT0V0T2YVpXFsAupJKwnqzbQ27MQ=="
    }
  }
}
